
Microsoft Visual Studio Solution File, Format Version 12.00
# Visual Studio Version 17
VisualStudioVersion = 17.13.35931.197 d17.13
MinimumVisualStudioVersion = 10.0.40219.1
Project("{FAE04EC0-301F-11D3-BF4B-00C04F79EFBC}") = "DataDemoProject", "DataDemoProject\DataDemoProject.csproj", "{DE91C06C-D097-BEAB-AEE3-D5DC0B6C7161}"
EndProject
Project("{FAE04EC0-301F-11D3-BF4B-00C04F79EFBC}") = "DataDemoProject.Android", "DataDemoProject.Android\DataDemoProject.Android.csproj", "{CFD167FE-D339-0960-454E-F5D6E6823B78}"
EndProject
Project("{FAE04EC0-301F-11D3-BF4B-00C04F79EFBC}") = "DataDemoProject.Desktop", "DataDemoProject.Desktop\DataDemoProject.Desktop.csproj", "{ACD5622E-2BEE-B1AB-313A-3B85B1CCF329}"
EndProject
Global
	GlobalSection(SolutionConfigurationPlatforms) = preSolution
		Debug|Any CPU = Debug|Any CPU
		Release|Any CPU = Release|Any CPU
	EndGlobalSection
	GlobalSection(ProjectConfigurationPlatforms) = postSolution
		{DE91C06C-D097-BEAB-AEE3-D5DC0B6C7161}.Debug|Any CPU.ActiveCfg = Debug|Any CPU
		{DE91C06C-D097-BEAB-AEE3-D5DC0B6C7161}.Debug|Any CPU.Build.0 = Debug|Any CPU
		{DE91C06C-D097-BEAB-AEE3-D5DC0B6C7161}.Release|Any CPU.ActiveCfg = Release|Any CPU
		{DE91C06C-D097-BEAB-AEE3-D5DC0B6C7161}.Release|Any CPU.Build.0 = Release|Any CPU
		{CFD167FE-D339-0960-454E-F5D6E6823B78}.Debug|Any CPU.ActiveCfg = Debug|Any CPU
		{CFD167FE-D339-0960-454E-F5D6E6823B78}.Debug|Any CPU.Build.0 = Debug|Any CPU
		{CFD167FE-D339-0960-454E-F5D6E6823B78}.Debug|Any CPU.Deploy.0 = Debug|Any CPU
		{CFD167FE-D339-0960-454E-F5D6E6823B78}.Release|Any CPU.ActiveCfg = Release|Any CPU
		{CFD167FE-D339-0960-454E-F5D6E6823B78}.Release|Any CPU.Build.0 = Release|Any CPU
		{CFD167FE-D339-0960-454E-F5D6E6823B78}.Release|Any CPU.Deploy.0 = Release|Any CPU
		{ACD5622E-2BEE-B1AB-313A-3B85B1CCF329}.Debug|Any CPU.ActiveCfg = Debug|Any CPU
		{ACD5622E-2BEE-B1AB-313A-3B85B1CCF329}.Debug|Any CPU.Build.0 = Debug|Any CPU
		{ACD5622E-2BEE-B1AB-313A-3B85B1CCF329}.Release|Any CPU.ActiveCfg = Release|Any CPU
		{ACD5622E-2BEE-B1AB-313A-3B85B1CCF329}.Release|Any CPU.Build.0 = Release|Any CPU
	EndGlobalSection
	GlobalSection(SolutionProperties) = preSolution
		HideSolutionNode = FALSE
	EndGlobalSection
	GlobalSection(ExtensibilityGlobals) = postSolution
		SolutionGuid = {703DE759-2454-4409-A7EE-4C7EED9A7A26}
	EndGlobalSection
EndGlobal
